<?xml version="1.0" encoding="utf-8"?>
<Project ToolsVersion="4.0" xmlns="http://schemas.microsoft.com/developer/msbuild/2003">
  <ItemGroup>
    <ClInclude Include="resource.h" />
    <ClInclude Include="ResourcesMgr.h" />
    <ClInclude Include="AppResourceId.h" />
  </ItemGroup>
  <ItemGroup>
    <ResourceCompile Include="Resources.rc" />
  </ItemGroup>
  <ItemGroup>
    <Image Include="icons\alpha_white.ico" />
    <Image Include="icons\expanded.png" />
    <Image Include="icons\collapsed.png" />
    <Image Include="icons\close.png" />
    <Image Include="icons\close_hover.png" />
  </ItemGroup>
  <ItemGroup>
    <ClCompile Include="ResourcesMgr.cpp" />
  </ItemGroup>
</Project>