
Microsoft Visual Studio Solution File, Format Version 12.00
# Visual Studio Version 17
VisualStudioVersion = 17.0.32014.148
MinimumVisualStudioVersion = 10.0.40219.1
Project("{8BC9CEB8-8B4A-11D0-8D11-00A0C91BC942}") = "Alpha", "Alpha\Alpha.vcxproj", "{DE088C60-F0FA-43B1-96D7-449B9D8E13A5}"
	ProjectSection(ProjectDependencies) = postProject
		{F6D68A90-3996-495A-977C-DB2E9121805E} = {F6D68A90-3996-495A-977C-DB2E9121805E}
	EndProjectSection
EndProject
Project("{8BC9CEB8-8B4A-11D0-8D11-00A0C91BC942}") = "Core", "Core\Core.vcxproj", "{4586120C-FB2D-4271-BB5D-7E160DFD6437}"
EndProject
Project("{8BC9CEB8-8B4A-11D0-8D11-00A0C91BC942}") = "Rendering", "Rendering\Rendering.vcxproj", "{F6D68A90-3996-495A-977C-DB2E9121805E}"
	ProjectSection(ProjectDependencies) = postProject
		{4586120C-FB2D-4271-BB5D-7E160DFD6437} = {4586120C-FB2D-4271-BB5D-7E160DFD6437}
	EndProjectSection
EndProject
Project("{8BC9CEB8-8B4A-11D0-8D11-00A0C91BC942}") = "OsWin", "OsWin\OsWin.vcxproj", "{E1515C2C-417C-4022-A379-4C67BF9C7FBC}"
EndProject
Project("{8BC9CEB8-8B4A-11D0-8D11-00A0C91BC942}") = "Widgets", "Widgets\Widgets.vcxproj", "{79E85242-424C-4B35-829B-B2AFA0E0B255}"
EndProject
Global
	GlobalSection(SolutionConfigurationPlatforms) = preSolution
		Debug|x64 = Debug|x64
		Debug|x86 = Debug|x86
		Release|x64 = Release|x64
		Release|x86 = Release|x86
	EndGlobalSection
	GlobalSection(ProjectConfigurationPlatforms) = postSolution
		{DE088C60-F0FA-43B1-96D7-449B9D8E13A5}.Debug|x64.ActiveCfg = Debug|x64
		{DE088C60-F0FA-43B1-96D7-449B9D8E13A5}.Debug|x64.Build.0 = Debug|x64
		{DE088C60-F0FA-43B1-96D7-449B9D8E13A5}.Debug|x86.ActiveCfg = Debug|Win32
		{DE088C60-F0FA-43B1-96D7-449B9D8E13A5}.Debug|x86.Build.0 = Debug|Win32
		{DE088C60-F0FA-43B1-96D7-449B9D8E13A5}.Release|x64.ActiveCfg = Release|x64
		{DE088C60-F0FA-43B1-96D7-449B9D8E13A5}.Release|x64.Build.0 = Release|x64
		{DE088C60-F0FA-43B1-96D7-449B9D8E13A5}.Release|x86.ActiveCfg = Release|Win32
		{DE088C60-F0FA-43B1-96D7-449B9D8E13A5}.Release|x86.Build.0 = Release|Win32
		{4586120C-FB2D-4271-BB5D-7E160DFD6437}.Debug|x64.ActiveCfg = Debug|x64
		{4586120C-FB2D-4271-BB5D-7E160DFD6437}.Debug|x64.Build.0 = Debug|x64
		{4586120C-FB2D-4271-BB5D-7E160DFD6437}.Debug|x86.ActiveCfg = Debug|Win32
		{4586120C-FB2D-4271-BB5D-7E160DFD6437}.Debug|x86.Build.0 = Debug|Win32
		{4586120C-FB2D-4271-BB5D-7E160DFD6437}.Release|x64.ActiveCfg = Release|x64
		{4586120C-FB2D-4271-BB5D-7E160DFD6437}.Release|x64.Build.0 = Release|x64
		{4586120C-FB2D-4271-BB5D-7E160DFD6437}.Release|x86.ActiveCfg = Release|Win32
		{4586120C-FB2D-4271-BB5D-7E160DFD6437}.Release|x86.Build.0 = Release|Win32
		{F6D68A90-3996-495A-977C-DB2E9121805E}.Debug|x64.ActiveCfg = Debug|x64
		{F6D68A90-3996-495A-977C-DB2E9121805E}.Debug|x64.Build.0 = Debug|x64
		{F6D68A90-3996-495A-977C-DB2E9121805E}.Debug|x86.ActiveCfg = Debug|Win32
		{F6D68A90-3996-495A-977C-DB2E9121805E}.Debug|x86.Build.0 = Debug|Win32
		{F6D68A90-3996-495A-977C-DB2E9121805E}.Release|x64.ActiveCfg = Release|x64
		{F6D68A90-3996-495A-977C-DB2E9121805E}.Release|x64.Build.0 = Release|x64
		{F6D68A90-3996-495A-977C-DB2E9121805E}.Release|x86.ActiveCfg = Release|Win32
		{F6D68A90-3996-495A-977C-DB2E9121805E}.Release|x86.Build.0 = Release|Win32
		{E1515C2C-417C-4022-A379-4C67BF9C7FBC}.Debug|x64.ActiveCfg = Debug|x64
		{E1515C2C-417C-4022-A379-4C67BF9C7FBC}.Debug|x64.Build.0 = Debug|x64
		{E1515C2C-417C-4022-A379-4C67BF9C7FBC}.Debug|x86.ActiveCfg = Debug|Win32
		{E1515C2C-417C-4022-A379-4C67BF9C7FBC}.Debug|x86.Build.0 = Debug|Win32
		{E1515C2C-417C-4022-A379-4C67BF9C7FBC}.Release|x64.ActiveCfg = Release|x64
		{E1515C2C-417C-4022-A379-4C67BF9C7FBC}.Release|x64.Build.0 = Release|x64
		{E1515C2C-417C-4022-A379-4C67BF9C7FBC}.Release|x86.ActiveCfg = Release|Win32
		{E1515C2C-417C-4022-A379-4C67BF9C7FBC}.Release|x86.Build.0 = Release|Win32
		{79E85242-424C-4B35-829B-B2AFA0E0B255}.Debug|x64.ActiveCfg = Debug|x64
		{79E85242-424C-4B35-829B-B2AFA0E0B255}.Debug|x64.Build.0 = Debug|x64
		{79E85242-424C-4B35-829B-B2AFA0E0B255}.Debug|x86.ActiveCfg = Debug|Win32
		{79E85242-424C-4B35-829B-B2AFA0E0B255}.Debug|x86.Build.0 = Debug|Win32
		{79E85242-424C-4B35-829B-B2AFA0E0B255}.Release|x64.ActiveCfg = Release|x64
		{79E85242-424C-4B35-829B-B2AFA0E0B255}.Release|x64.Build.0 = Release|x64
		{79E85242-424C-4B35-829B-B2AFA0E0B255}.Release|x86.ActiveCfg = Release|Win32
		{79E85242-424C-4B35-829B-B2AFA0E0B255}.Release|x86.Build.0 = Release|Win32
	EndGlobalSection
	GlobalSection(SolutionProperties) = preSolution
		HideSolutionNode = FALSE
	EndGlobalSection
	GlobalSection(ExtensibilityGlobals) = postSolution
		SolutionGuid = {14F50D67-A38C-4F66-ADAF-221E3E04C6C2}
	EndGlobalSection
EndGlobal
