
Microsoft Visual Studio Solution File, Format Version 12.00
# Visual Studio Version 17
VisualStudioVersion = 17.0.32014.148
MinimumVisualStudioVersion = 10.0.40219.1
Project("{8BC9CEB8-8B4A-11D0-8D11-00A0C91BC942}") = "Alpha", "Alpha\Alpha.vcxproj", "{DE088C60-F0FA-43B1-96D7-449B9D8E13A5}"
	ProjectSection(ProjectDependencies) = postProject
		{371B9FA9-4C90-4AC6-A123-ACED756D6C77} = {371B9FA9-4C90-4AC6-A123-ACED756D6C77}
		{4E38226C-33B9-4D29-9766-E25FDF23A601} = {4E38226C-33B9-4D29-9766-E25FDF23A601}
		{7103A061-0369-4B24-BD99-9C3129816D83} = {7103A061-0369-4B24-BD99-9C3129816D83}
		{D4B9C861-FB53-479C-AB56-74BAE2EC49A8} = {D4B9C861-FB53-479C-AB56-74BAE2EC49A8}
		{F6D68A90-3996-495A-977C-DB2E9121805E} = {F6D68A90-3996-495A-977C-DB2E9121805E}
	EndProjectSection
EndProject
Project("{8BC9CEB8-8B4A-11D0-8D11-00A0C91BC942}") = "Core", "Core\Core.vcxproj", "{4586120C-FB2D-4271-BB5D-7E160DFD6437}"
EndProject
Project("{8BC9CEB8-8B4A-11D0-8D11-00A0C91BC942}") = "Rendering", "Rendering\Rendering.vcxproj", "{F6D68A90-3996-495A-977C-DB2E9121805E}"
	ProjectSection(ProjectDependencies) = postProject
		{4586120C-FB2D-4271-BB5D-7E160DFD6437} = {4586120C-FB2D-4271-BB5D-7E160DFD6437}
	EndProjectSection
EndProject
Project("{8BC9CEB8-8B4A-11D0-8D11-00A0C91BC942}") = "OsWin", "OsWin\OsWin.vcxproj", "{E1515C2C-417C-4022-A379-4C67BF9C7FBC}"
EndProject
Project("{8BC9CEB8-8B4A-11D0-8D11-00A0C91BC942}") = "Widgets", "Widgets\Widgets.vcxproj", "{79E85242-424C-4B35-829B-B2AFA0E0B255}"
EndProject
Project("{8BC9CEB8-8B4A-11D0-8D11-00A0C91BC942}") = "Editors", "Editors\Editors.vcxproj", "{E4C43EDC-88B3-4687-9E69-33B02C08403A}"
EndProject
Project("{8BC9CEB8-8B4A-11D0-8D11-00A0C91BC942}") = "Inputs", "Inputs\Inputs.vcxproj", "{7103A061-0369-4B24-BD99-9C3129816D83}"
EndProject
Project("{8BC9CEB8-8B4A-11D0-8D11-00A0C91BC942}") = "Systems", "Systems\Systems.vcxproj", "{FE92B2B8-EE64-4C06-89FE-EB3BAD9A470B}"
EndProject
Project("{8BC9CEB8-8B4A-11D0-8D11-00A0C91BC942}") = "Resources", "Resources\Resources.vcxproj", "{D4B9C861-FB53-479C-AB56-74BAE2EC49A8}"
EndProject
Project("{2150E333-8FDC-42A3-9474-1A3956D46DE8}") = "Importer", "Importer", "{02EA681E-C7D8-13C7-8484-4AC65E1B71E8}"
EndProject
Project("{8BC9CEB8-8B4A-11D0-8D11-00A0C91BC942}") = "FbxImporter", "Importer\FbxImporter\FbxImporter.vcxproj", "{775A5480-2451-4E4B-9D41-D8B2BCF922D0}"
	ProjectSection(ProjectDependencies) = postProject
		{371B9FA9-4C90-4AC6-A123-ACED756D6C77} = {371B9FA9-4C90-4AC6-A123-ACED756D6C77}
		{FE92B2B8-EE64-4C06-89FE-EB3BAD9A470B} = {FE92B2B8-EE64-4C06-89FE-EB3BAD9A470B}
	EndProjectSection
EndProject
Project("{2150E333-8FDC-42A3-9474-1A3956D46DE8}") = "Solution Items", "Solution Items", "{8EC462FD-D22E-90A8-E5CE-7E832BA40C5D}"
	ProjectSection(SolutionItems) = preProject
		debugger.natvis = debugger.natvis
	EndProjectSection
EndProject
Project("{8BC9CEB8-8B4A-11D0-8D11-00A0C91BC942}") = "TextureImporter", "Importer\TextureImporter\TextureImporter.vcxproj", "{4E38226C-33B9-4D29-9766-E25FDF23A601}"
	ProjectSection(ProjectDependencies) = postProject
		{371B9FA9-4C90-4AC6-A123-ACED756D6C77} = {371B9FA9-4C90-4AC6-A123-ACED756D6C77}
	EndProjectSection
EndProject
Project("{2150E333-8FDC-42A3-9474-1A3956D46DE8}") = "3rdParty", "3rdParty", "{53053F24-D50B-4BC9-9FDA-60929D7DCB4A}"
EndProject
Project("{8BC9CEB8-8B4A-11D0-8D11-00A0C91BC942}") = "DirectXTex", "3rdparty\DirectXTex-oct2025\DirectXTex\DirectXTex_Desktop_2022_Win10.vcxproj", "{371B9FA9-4C90-4AC6-A123-ACED756D6C77}"
EndProject
Global
	GlobalSection(SolutionConfigurationPlatforms) = preSolution
		Debug|x64 = Debug|x64
		Debug|x86 = Debug|x86
		Release|x64 = Release|x64
		Release|x86 = Release|x86
	EndGlobalSection
	GlobalSection(ProjectConfigurationPlatforms) = postSolution
		{DE088C60-F0FA-43B1-96D7-449B9D8E13A5}.Debug|x64.ActiveCfg = Debug|x64
		{DE088C60-F0FA-43B1-96D7-449B9D8E13A5}.Debug|x64.Build.0 = Debug|x64
		{DE088C60-F0FA-43B1-96D7-449B9D8E13A5}.Debug|x86.ActiveCfg = Debug|x64
		{DE088C60-F0FA-43B1-96D7-449B9D8E13A5}.Debug|x86.Build.0 = Debug|x64
		{DE088C60-F0FA-43B1-96D7-449B9D8E13A5}.Release|x64.ActiveCfg = Release|x64
		{DE088C60-F0FA-43B1-96D7-449B9D8E13A5}.Release|x64.Build.0 = Release|x64
		{DE088C60-F0FA-43B1-96D7-449B9D8E13A5}.Release|x86.ActiveCfg = Release|x64
		{DE088C60-F0FA-43B1-96D7-449B9D8E13A5}.Release|x86.Build.0 = Release|x64
		{4586120C-FB2D-4271-BB5D-7E160DFD6437}.Debug|x64.ActiveCfg = Debug|x64
		{4586120C-FB2D-4271-BB5D-7E160DFD6437}.Debug|x64.Build.0 = Debug|x64
		{4586120C-FB2D-4271-BB5D-7E160DFD6437}.Debug|x86.ActiveCfg = Debug|x64
		{4586120C-FB2D-4271-BB5D-7E160DFD6437}.Debug|x86.Build.0 = Debug|x64
		{4586120C-FB2D-4271-BB5D-7E160DFD6437}.Release|x64.ActiveCfg = Release|x64
		{4586120C-FB2D-4271-BB5D-7E160DFD6437}.Release|x64.Build.0 = Release|x64
		{4586120C-FB2D-4271-BB5D-7E160DFD6437}.Release|x86.ActiveCfg = Release|x64
		{4586120C-FB2D-4271-BB5D-7E160DFD6437}.Release|x86.Build.0 = Release|x64
		{F6D68A90-3996-495A-977C-DB2E9121805E}.Debug|x64.ActiveCfg = Debug|x64
		{F6D68A90-3996-495A-977C-DB2E9121805E}.Debug|x64.Build.0 = Debug|x64
		{F6D68A90-3996-495A-977C-DB2E9121805E}.Debug|x86.ActiveCfg = Debug|x64
		{F6D68A90-3996-495A-977C-DB2E9121805E}.Debug|x86.Build.0 = Debug|x64
		{F6D68A90-3996-495A-977C-DB2E9121805E}.Release|x64.ActiveCfg = Release|x64
		{F6D68A90-3996-495A-977C-DB2E9121805E}.Release|x64.Build.0 = Release|x64
		{F6D68A90-3996-495A-977C-DB2E9121805E}.Release|x86.ActiveCfg = Release|x64
		{F6D68A90-3996-495A-977C-DB2E9121805E}.Release|x86.Build.0 = Release|x64
		{E1515C2C-417C-4022-A379-4C67BF9C7FBC}.Debug|x64.ActiveCfg = Debug|x64
		{E1515C2C-417C-4022-A379-4C67BF9C7FBC}.Debug|x64.Build.0 = Debug|x64
		{E1515C2C-417C-4022-A379-4C67BF9C7FBC}.Debug|x86.ActiveCfg = Debug|x64
		{E1515C2C-417C-4022-A379-4C67BF9C7FBC}.Debug|x86.Build.0 = Debug|x64
		{E1515C2C-417C-4022-A379-4C67BF9C7FBC}.Release|x64.ActiveCfg = Release|x64
		{E1515C2C-417C-4022-A379-4C67BF9C7FBC}.Release|x64.Build.0 = Release|x64
		{E1515C2C-417C-4022-A379-4C67BF9C7FBC}.Release|x86.ActiveCfg = Release|x64
		{E1515C2C-417C-4022-A379-4C67BF9C7FBC}.Release|x86.Build.0 = Release|x64
		{79E85242-424C-4B35-829B-B2AFA0E0B255}.Debug|x64.ActiveCfg = Debug|x64
		{79E85242-424C-4B35-829B-B2AFA0E0B255}.Debug|x64.Build.0 = Debug|x64
		{79E85242-424C-4B35-829B-B2AFA0E0B255}.Debug|x86.ActiveCfg = Debug|x64
		{79E85242-424C-4B35-829B-B2AFA0E0B255}.Debug|x86.Build.0 = Debug|x64
		{79E85242-424C-4B35-829B-B2AFA0E0B255}.Release|x64.ActiveCfg = Release|x64
		{79E85242-424C-4B35-829B-B2AFA0E0B255}.Release|x64.Build.0 = Release|x64
		{79E85242-424C-4B35-829B-B2AFA0E0B255}.Release|x86.ActiveCfg = Release|x64
		{79E85242-424C-4B35-829B-B2AFA0E0B255}.Release|x86.Build.0 = Release|x64
		{E4C43EDC-88B3-4687-9E69-33B02C08403A}.Debug|x64.ActiveCfg = Debug|x64
		{E4C43EDC-88B3-4687-9E69-33B02C08403A}.Debug|x64.Build.0 = Debug|x64
		{E4C43EDC-88B3-4687-9E69-33B02C08403A}.Debug|x86.ActiveCfg = Debug|x64
		{E4C43EDC-88B3-4687-9E69-33B02C08403A}.Debug|x86.Build.0 = Debug|x64
		{E4C43EDC-88B3-4687-9E69-33B02C08403A}.Release|x64.ActiveCfg = Release|x64
		{E4C43EDC-88B3-4687-9E69-33B02C08403A}.Release|x64.Build.0 = Release|x64
		{E4C43EDC-88B3-4687-9E69-33B02C08403A}.Release|x86.ActiveCfg = Release|x64
		{E4C43EDC-88B3-4687-9E69-33B02C08403A}.Release|x86.Build.0 = Release|x64
		{7103A061-0369-4B24-BD99-9C3129816D83}.Debug|x64.ActiveCfg = Debug|x64
		{7103A061-0369-4B24-BD99-9C3129816D83}.Debug|x64.Build.0 = Debug|x64
		{7103A061-0369-4B24-BD99-9C3129816D83}.Debug|x86.ActiveCfg = Debug|x64
		{7103A061-0369-4B24-BD99-9C3129816D83}.Debug|x86.Build.0 = Debug|x64
		{7103A061-0369-4B24-BD99-9C3129816D83}.Release|x64.ActiveCfg = Release|x64
		{7103A061-0369-4B24-BD99-9C3129816D83}.Release|x64.Build.0 = Release|x64
		{7103A061-0369-4B24-BD99-9C3129816D83}.Release|x86.ActiveCfg = Release|x64
		{7103A061-0369-4B24-BD99-9C3129816D83}.Release|x86.Build.0 = Release|x64
		{FE92B2B8-EE64-4C06-89FE-EB3BAD9A470B}.Debug|x64.ActiveCfg = Debug|x64
		{FE92B2B8-EE64-4C06-89FE-EB3BAD9A470B}.Debug|x64.Build.0 = Debug|x64
		{FE92B2B8-EE64-4C06-89FE-EB3BAD9A470B}.Debug|x86.ActiveCfg = Debug|x64
		{FE92B2B8-EE64-4C06-89FE-EB3BAD9A470B}.Debug|x86.Build.0 = Debug|x64
		{FE92B2B8-EE64-4C06-89FE-EB3BAD9A470B}.Release|x64.ActiveCfg = Release|x64
		{FE92B2B8-EE64-4C06-89FE-EB3BAD9A470B}.Release|x64.Build.0 = Release|x64
		{FE92B2B8-EE64-4C06-89FE-EB3BAD9A470B}.Release|x86.ActiveCfg = Release|x64
		{FE92B2B8-EE64-4C06-89FE-EB3BAD9A470B}.Release|x86.Build.0 = Release|x64
		{D4B9C861-FB53-479C-AB56-74BAE2EC49A8}.Debug|x64.ActiveCfg = Debug|x64
		{D4B9C861-FB53-479C-AB56-74BAE2EC49A8}.Debug|x64.Build.0 = Debug|x64
		{D4B9C861-FB53-479C-AB56-74BAE2EC49A8}.Debug|x86.ActiveCfg = Debug|Win32
		{D4B9C861-FB53-479C-AB56-74BAE2EC49A8}.Debug|x86.Build.0 = Debug|Win32
		{D4B9C861-FB53-479C-AB56-74BAE2EC49A8}.Release|x64.ActiveCfg = Release|x64
		{D4B9C861-FB53-479C-AB56-74BAE2EC49A8}.Release|x64.Build.0 = Release|x64
		{D4B9C861-FB53-479C-AB56-74BAE2EC49A8}.Release|x86.ActiveCfg = Release|Win32
		{D4B9C861-FB53-479C-AB56-74BAE2EC49A8}.Release|x86.Build.0 = Release|Win32
		{775A5480-2451-4E4B-9D41-D8B2BCF922D0}.Debug|x64.ActiveCfg = Debug|x64
		{775A5480-2451-4E4B-9D41-D8B2BCF922D0}.Debug|x64.Build.0 = Debug|x64
		{775A5480-2451-4E4B-9D41-D8B2BCF922D0}.Debug|x86.ActiveCfg = Debug|Win32
		{775A5480-2451-4E4B-9D41-D8B2BCF922D0}.Debug|x86.Build.0 = Debug|Win32
		{775A5480-2451-4E4B-9D41-D8B2BCF922D0}.Release|x64.ActiveCfg = Release|x64
		{775A5480-2451-4E4B-9D41-D8B2BCF922D0}.Release|x64.Build.0 = Release|x64
		{775A5480-2451-4E4B-9D41-D8B2BCF922D0}.Release|x86.ActiveCfg = Release|Win32
		{775A5480-2451-4E4B-9D41-D8B2BCF922D0}.Release|x86.Build.0 = Release|Win32
		{4E38226C-33B9-4D29-9766-E25FDF23A601}.Debug|x64.ActiveCfg = Debug|x64
		{4E38226C-33B9-4D29-9766-E25FDF23A601}.Debug|x64.Build.0 = Debug|x64
		{4E38226C-33B9-4D29-9766-E25FDF23A601}.Debug|x86.ActiveCfg = Debug|Win32
		{4E38226C-33B9-4D29-9766-E25FDF23A601}.Debug|x86.Build.0 = Debug|Win32
		{4E38226C-33B9-4D29-9766-E25FDF23A601}.Release|x64.ActiveCfg = Release|x64
		{4E38226C-33B9-4D29-9766-E25FDF23A601}.Release|x64.Build.0 = Release|x64
		{4E38226C-33B9-4D29-9766-E25FDF23A601}.Release|x86.ActiveCfg = Release|Win32
		{4E38226C-33B9-4D29-9766-E25FDF23A601}.Release|x86.Build.0 = Release|Win32
		{371B9FA9-4C90-4AC6-A123-ACED756D6C77}.Debug|x64.ActiveCfg = Debug|x64
		{371B9FA9-4C90-4AC6-A123-ACED756D6C77}.Debug|x64.Build.0 = Debug|x64
		{371B9FA9-4C90-4AC6-A123-ACED756D6C77}.Debug|x86.ActiveCfg = Debug|Win32
		{371B9FA9-4C90-4AC6-A123-ACED756D6C77}.Debug|x86.Build.0 = Debug|Win32
		{371B9FA9-4C90-4AC6-A123-ACED756D6C77}.Release|x64.ActiveCfg = Release|x64
		{371B9FA9-4C90-4AC6-A123-ACED756D6C77}.Release|x64.Build.0 = Release|x64
		{371B9FA9-4C90-4AC6-A123-ACED756D6C77}.Release|x86.ActiveCfg = Release|Win32
		{371B9FA9-4C90-4AC6-A123-ACED756D6C77}.Release|x86.Build.0 = Release|Win32
	EndGlobalSection
	GlobalSection(SolutionProperties) = preSolution
		HideSolutionNode = FALSE
	EndGlobalSection
	GlobalSection(NestedProjects) = preSolution
		{775A5480-2451-4E4B-9D41-D8B2BCF922D0} = {02EA681E-C7D8-13C7-8484-4AC65E1B71E8}
		{4E38226C-33B9-4D29-9766-E25FDF23A601} = {02EA681E-C7D8-13C7-8484-4AC65E1B71E8}
		{371B9FA9-4C90-4AC6-A123-ACED756D6C77} = {53053F24-D50B-4BC9-9FDA-60929D7DCB4A}
	EndGlobalSection
	GlobalSection(ExtensibilityGlobals) = postSolution
		SolutionGuid = {14F50D67-A38C-4F66-ADAF-221E3E04C6C2}
	EndGlobalSection
EndGlobal
