<?xml version="1.0" encoding="utf-8"?>
<Project ToolsVersion="4.0" xmlns="http://schemas.microsoft.com/developer/msbuild/2003">
  <ItemGroup>
    <Filter Include="Source Files">
      <UniqueIdentifier>{4FC737F1-C7A5-4376-A066-2A32D752A2FF}</UniqueIdentifier>
      <Extensions>cpp;c;cc;cxx;c++;cppm;ixx;def;odl;idl;hpj;bat;asm;asmx</Extensions>
    </Filter>
    <Filter Include="Header Files">
      <UniqueIdentifier>{93995380-89BD-4b04-88EB-625FBE52EBFB}</UniqueIdentifier>
      <Extensions>h;hh;hpp;hxx;h++;hm;inl;inc;ipp;xsd</Extensions>
    </Filter>
    <Filter Include="Resource Files">
      <UniqueIdentifier>{67DA6AB6-F800-4c08-8B7A-83BB121AAD01}</UniqueIdentifier>
      <Extensions>rc;ico;cur;bmp;dlg;rc2;rct;bin;rgs;gif;jpg;jpeg;jpe;resx;tiff;tif;png;wav;mfcribbon-ms</Extensions>
    </Filter>
  </ItemGroup>
  <ItemGroup>
    <ClInclude Include="GamePlayer\GamePlayer.h">
      <Filter>Header Files</Filter>
    </ClInclude>
    <ClInclude Include="LevelEditor\LevelEditor.h">
      <Filter>Header Files</Filter>
    </ClInclude>
    <ClInclude Include="MeshEditor\MeshEditor.h">
      <Filter>Header Files</Filter>
    </ClInclude>
    <ClInclude Include="ShaderEditor\ShaderEditor.h">
      <Filter>Header Files</Filter>
    </ClInclude>
    <ClInclude Include="RawDb.h">
      <Filter>Header Files</Filter>
    </ClInclude>
    <ClInclude Include="LevelEditor\Component.h">
      <Filter>Header Files</Filter>
    </ClInclude>
    <ClInclude Include="Property.h">
      <Filter>Header Files</Filter>
    </ClInclude>
    <ClInclude Include="LevelEditor\SceneTree\Entity.h">
      <Filter>Header Files</Filter>
    </ClInclude>
    <ClInclude Include="LevelEditor\Level.h">
      <Filter>Header Files</Filter>
    </ClInclude>
    <ClInclude Include="Widgets\AssetId\AssetIdWidget.h">
      <Filter>Header Files</Filter>
    </ClInclude>
    <ClInclude Include="Widgets\BaseModel.h">
      <Filter>Header Files</Filter>
    </ClInclude>
    <ClInclude Include="Widgets\AssetId\AssetIdModel.h">
      <Filter>Header Files</Filter>
    </ClInclude>
    <ClInclude Include="Widgets\Matrix\MatrixModel.h">
      <Filter>Header Files</Filter>
    </ClInclude>
    <ClInclude Include="Widgets\Matrix\MatrixWidget.h">
      <Filter>Header Files</Filter>
    </ClInclude>
    <ClInclude Include="Widgets\Component\ComponentModel.h">
      <Filter>Header Files</Filter>
    </ClInclude>
    <ClInclude Include="Widgets\Component\ComponentWidget.h">
      <Filter>Header Files</Filter>
    </ClInclude>
    <ClInclude Include="Widgets\Entity\EntityWidget.h">
      <Filter>Header Files</Filter>
    </ClInclude>
    <ClInclude Include="Widgets\Entity\EntityModel.h">
      <Filter>Header Files</Filter>
    </ClInclude>
    <ClInclude Include="Widgets\Tree\TreeWidget.h">
      <Filter>Header Files</Filter>
    </ClInclude>
    <ClInclude Include="Widgets\Tree\LevelTreeModel.h">
      <Filter>Header Files</Filter>
    </ClInclude>
    <ClInclude Include="Widgets\List\ListWidget.h">
      <Filter>Header Files</Filter>
    </ClInclude>
    <ClInclude Include="Widgets\List\Models\AssetListModel.h">
      <Filter>Header Files</Filter>
    </ClInclude>
    <ClInclude Include="LevelEditor\SceneTree\Node.h">
      <Filter>Header Files</Filter>
    </ClInclude>
    <ClInclude Include="LevelEditor\SceneTree\SceneTree.h">
      <Filter>Header Files</Filter>
    </ClInclude>
    <ClInclude Include="LevelEditor\Widgets\CameraWidget.h">
      <Filter>Header Files</Filter>
    </ClInclude>
    <ClInclude Include="LevelEditor\Widgets\GizmoAxis.h">
      <Filter>Header Files</Filter>
    </ClInclude>
    <ClInclude Include="LevelEditor\Widgets\GizmoModel.h">
      <Filter>Header Files</Filter>
    </ClInclude>
    <ClInclude Include="LevelEditor\Widgets\GizmoWidget.h">
      <Filter>Header Files</Filter>
    </ClInclude>
    <ClInclude Include="LevelEditor\Widgets\LevelEditorTab.h">
      <Filter>Header Files</Filter>
    </ClInclude>
    <ClInclude Include="LevelEditor\Widgets\LevelEditorViewportWidget.h">
      <Filter>Header Files</Filter>
    </ClInclude>
    <ClInclude Include="LevelEditor\SelectionMgr.h">
      <Filter>Header Files</Filter>
    </ClInclude>
  </ItemGroup>
  <ItemGroup>
    <ClCompile Include="GamePlayer\GamePlayer.cpp">
      <Filter>Source Files</Filter>
    </ClCompile>
    <ClCompile Include="LevelEditor\LevelEditor.cpp">
      <Filter>Source Files</Filter>
    </ClCompile>
    <ClCompile Include="MeshEditor\MeshEditor.cpp">
      <Filter>Source Files</Filter>
    </ClCompile>
    <ClCompile Include="ShaderEditor\ShaderEditor.cpp">
      <Filter>Source Files</Filter>
    </ClCompile>
    <ClCompile Include="RawDb.cpp">
      <Filter>Source Files</Filter>
    </ClCompile>
    <ClCompile Include="Property.cpp">
      <Filter>Source Files</Filter>
    </ClCompile>
    <ClCompile Include="LevelEditor\Level.cpp">
      <Filter>Source Files</Filter>
    </ClCompile>
    <ClCompile Include="LevelEditor\Component.cpp">
      <Filter>Source Files</Filter>
    </ClCompile>
    <ClCompile Include="LevelEditor\SceneTree\Entity.cpp">
      <Filter>Source Files</Filter>
    </ClCompile>
    <ClCompile Include="Widgets\AssetId\AssetIdWidget.cpp">
      <Filter>Source Files</Filter>
    </ClCompile>
    <ClCompile Include="Widgets\AssetId\AssetIdModel.cpp">
      <Filter>Source Files</Filter>
    </ClCompile>
    <ClCompile Include="Widgets\Matrix\MatrixModel.cpp">
      <Filter>Source Files</Filter>
    </ClCompile>
    <ClCompile Include="Widgets\Matrix\MatrixWidget.cpp">
      <Filter>Source Files</Filter>
    </ClCompile>
    <ClCompile Include="Widgets\Component\ComponentModel.cpp">
      <Filter>Source Files</Filter>
    </ClCompile>
    <ClCompile Include="Widgets\Component\ComponentWidget.cpp">
      <Filter>Source Files</Filter>
    </ClCompile>
    <ClCompile Include="Widgets\Entity\EntityWidget.cpp">
      <Filter>Source Files</Filter>
    </ClCompile>
    <ClCompile Include="Widgets\Entity\EntityModel.cpp">
      <Filter>Source Files</Filter>
    </ClCompile>
    <ClCompile Include="Widgets\Tree\TreeWidget.cpp">
      <Filter>Source Files</Filter>
    </ClCompile>
    <ClCompile Include="Widgets\Tree\LevelTreeModel.cpp">
      <Filter>Source Files</Filter>
    </ClCompile>
    <ClCompile Include="Widgets\List\ListWidget.cpp">
      <Filter>Source Files</Filter>
    </ClCompile>
    <ClCompile Include="Widgets\List\Models\AssetListModel.cpp">
      <Filter>Source Files</Filter>
    </ClCompile>
    <ClCompile Include="LevelEditor\SceneTree\Node.cpp">
      <Filter>Source Files</Filter>
    </ClCompile>
    <ClCompile Include="LevelEditor\SceneTree\SceneTree.cpp">
      <Filter>Source Files</Filter>
    </ClCompile>
    <ClCompile Include="LevelEditor\Widgets\CameraWidget.cpp">
      <Filter>Source Files</Filter>
    </ClCompile>
    <ClCompile Include="LevelEditor\Widgets\GizmoAxis.cpp">
      <Filter>Source Files</Filter>
    </ClCompile>
    <ClCompile Include="LevelEditor\Widgets\GizmoModel.cpp">
      <Filter>Source Files</Filter>
    </ClCompile>
    <ClCompile Include="LevelEditor\Widgets\GizmoWidget.cpp">
      <Filter>Source Files</Filter>
    </ClCompile>
    <ClCompile Include="LevelEditor\Widgets\LevelEditorTab.cpp">
      <Filter>Source Files</Filter>
    </ClCompile>
    <ClCompile Include="LevelEditor\Widgets\LevelEditorViewportWidget.cpp">
      <Filter>Source Files</Filter>
    </ClCompile>
    <ClCompile Include="LevelEditor\SelectionMgr.cpp">
      <Filter>Source Files</Filter>
    </ClCompile>
  </ItemGroup>
</Project>