<?xml version="1.0" encoding="utf-8"?>
<Project ToolsVersion="4.0" xmlns="http://schemas.microsoft.com/developer/msbuild/2003">
  <ItemGroup>
    <Filter Include="Source Files">
      <UniqueIdentifier>{4FC737F1-C7A5-4376-A066-2A32D752A2FF}</UniqueIdentifier>
      <Extensions>cpp;c;cc;cxx;c++;cppm;ixx;def;odl;idl;hpj;bat;asm;asmx</Extensions>
    </Filter>
    <Filter Include="Header Files">
      <UniqueIdentifier>{93995380-89BD-4b04-88EB-625FBE52EBFB}</UniqueIdentifier>
      <Extensions>h;hh;hpp;hxx;h++;hm;inl;inc;ipp;xsd</Extensions>
    </Filter>
    <Filter Include="Resource Files">
      <UniqueIdentifier>{67DA6AB6-F800-4c08-8B7A-83BB121AAD01}</UniqueIdentifier>
      <Extensions>rc;ico;cur;bmp;dlg;rc2;rct;bin;rgs;gif;jpg;jpeg;jpe;resx;tiff;tif;png;wav;mfcribbon-ms</Extensions>
    </Filter>
  </ItemGroup>
  <ItemGroup>
    <ClInclude Include="GamePlayer\GamePlayer.h">
      <Filter>Header Files</Filter>
    </ClInclude>
    <ClInclude Include="LevelEditor\LevelEditorModule.h">
      <Filter>Header Files</Filter>
    </ClInclude>
    <ClInclude Include="MeshEditor\MeshEditor.h">
      <Filter>Header Files</Filter>
    </ClInclude>
    <ClInclude Include="MaterialEditor\MaterialEditor.h">
      <Filter>Header Files</Filter>
    </ClInclude>
    <ClInclude Include="LevelEditor\Component.h">
      <Filter>Header Files</Filter>
    </ClInclude>
    <ClInclude Include="Property.h">
      <Filter>Header Files</Filter>
    </ClInclude>
    <ClInclude Include="LevelEditor\SceneTree\Entity.h">
      <Filter>Header Files</Filter>
    </ClInclude>
    <ClInclude Include="LevelEditor\LevelMgr.h">
      <Filter>Header Files</Filter>
    </ClInclude>
    <ClInclude Include="Widgets\AssetId\AssetIdWidget.h">
      <Filter>Header Files</Filter>
    </ClInclude>
    <ClInclude Include="Widgets\BaseModel.h">
      <Filter>Header Files</Filter>
    </ClInclude>
    <ClInclude Include="Widgets\Matrix\MatrixWidget.h">
      <Filter>Header Files</Filter>
    </ClInclude>
    <ClInclude Include="Widgets\Component\ComponentModel.h">
      <Filter>Header Files</Filter>
    </ClInclude>
    <ClInclude Include="Widgets\Component\ComponentWidget.h">
      <Filter>Header Files</Filter>
    </ClInclude>
    <ClInclude Include="Widgets\Entity\EntityWidget.h">
      <Filter>Header Files</Filter>
    </ClInclude>
    <ClInclude Include="Widgets\Entity\EntityModel.h">
      <Filter>Header Files</Filter>
    </ClInclude>
    <ClInclude Include="LevelEditor\SceneTree\Node.h">
      <Filter>Header Files</Filter>
    </ClInclude>
    <ClInclude Include="LevelEditor\SceneTree\SceneTree.h">
      <Filter>Header Files</Filter>
    </ClInclude>
    <ClInclude Include="LevelEditor\Widgets\CameraWidget.h">
      <Filter>Header Files</Filter>
    </ClInclude>
    <ClInclude Include="LevelEditor\Widgets\GizmoAxis.h">
      <Filter>Header Files</Filter>
    </ClInclude>
    <ClInclude Include="LevelEditor\Widgets\GizmoModel.h">
      <Filter>Header Files</Filter>
    </ClInclude>
    <ClInclude Include="LevelEditor\Widgets\GizmoWidget.h">
      <Filter>Header Files</Filter>
    </ClInclude>
    <ClInclude Include="LevelEditor\Widgets\LevelEditor.h">
      <Filter>Header Files</Filter>
    </ClInclude>
    <ClInclude Include="LevelEditor\Widgets\LevelEditorViewportWidget.h">
      <Filter>Header Files</Filter>
    </ClInclude>
    <ClInclude Include="LevelEditor\SelectionMgr.h">
      <Filter>Header Files</Filter>
    </ClInclude>
    <ClInclude Include="Widgets\Dialog\AssetDialog.h">
      <Filter>Header Files</Filter>
    </ClInclude>
    <ClInclude Include="MaterialEditor\MaterialEditorModule.h">
      <Filter>Header Files</Filter>
    </ClInclude>
    <ClInclude Include="Widgets\Dialog\UserInputDialog.h">
      <Filter>Header Files</Filter>
    </ClInclude>
    <ClInclude Include="Widgets\PropertyGrid\PropertyGridItem.h">
      <Filter>Header Files</Filter>
    </ClInclude>
    <ClInclude Include="Widgets\PropertyGrid\PropertyGridWidget.h">
      <Filter>Header Files</Filter>
    </ClInclude>
    <ClInclude Include="Widgets\PropertyGrid\PropertyGridPopulator.h">
      <Filter>Header Files</Filter>
    </ClInclude>
    <ClInclude Include="MaterialEditor\MaterialListModel.h">
      <Filter>Header Files</Filter>
    </ClInclude>
    <ClInclude Include="Widgets\Dialog\OkCancelDialog.h">
      <Filter>Header Files</Filter>
    </ClInclude>
    <ClInclude Include="MaterialEditor\Compiler\ShaderCompiler.h">
      <Filter>Header Files</Filter>
    </ClInclude>
    <ClInclude Include="MaterialEditor\Compiler\MaterialParameters.h">
      <Filter>Header Files</Filter>
    </ClInclude>
    <ClInclude Include="Widgets\PropertyGrid\PropertyGridItemFactory.h">
      <Filter>Header Files</Filter>
    </ClInclude>
    <ClInclude Include="Widgets\PropertyGrid\ItemFactory\PropertyGridItemFactory_MaterialParameterDescription.h">
      <Filter>Header Files</Filter>
    </ClInclude>
    <ClInclude Include="MaterialEditor\Compiler\RootSignatureDescription.h">
      <Filter>Header Files</Filter>
    </ClInclude>
    <ClInclude Include="Log\LogModule.h">
      <Filter>Header Files</Filter>
    </ClInclude>
    <ClInclude Include="LogEditor\LogEditor.h">
      <Filter>Header Files</Filter>
    </ClInclude>
    <ClInclude Include="Widgets\StatusBar\StatusBar.h">
      <Filter>Header Files</Filter>
    </ClInclude>
    <ClInclude Include="MaterialEditor\ShaderAutoGen.h">
      <Filter>Header Files</Filter>
    </ClInclude>
    <ClInclude Include="MaterialEditor\ShaderTemplate.h">
      <Filter>Header Files</Filter>
    </ClInclude>
    <ClInclude Include="LevelEditor\LevelListModel.h">
      <Filter>Header Files</Filter>
    </ClInclude>
    <ClInclude Include="LevelEditor\SceneTreeModel.h">
      <Filter>Header Files</Filter>
    </ClInclude>
    <ClInclude Include="Widgets\Dialog\ClassSelectionDialog.h">
      <Filter>Header Files</Filter>
    </ClInclude>
    <ClInclude Include="ObjectWatcher\ObjectWatcher.h">
      <Filter>Header Files</Filter>
    </ClInclude>
    <ClInclude Include="Widgets\PropertyGrid\Items\StringItem.h">
      <Filter>Header Files</Filter>
    </ClInclude>
    <ClInclude Include="Widgets\PropertyGrid\Items\UInt32Item.h">
      <Filter>Header Files</Filter>
    </ClInclude>
    <ClInclude Include="Widgets\PropertyGrid\Items\SidItem.h">
      <Filter>Header Files</Filter>
    </ClInclude>
    <ClInclude Include="Widgets\PropertyGrid\Items\GuidItem.h">
      <Filter>Header Files</Filter>
    </ClInclude>
    <ClInclude Include="Widgets\PropertyGrid\Items\Mat44fItem.h">
      <Filter>Header Files</Filter>
    </ClInclude>
    <ClInclude Include="Widgets\PropertyGrid\Items\AssetIdItem.h">
      <Filter>Header Files</Filter>
    </ClInclude>
    <ClInclude Include="Widgets\PropertyGrid\Items\ArrayHeaderItem.h">
      <Filter>Header Files</Filter>
    </ClInclude>
  </ItemGroup>
  <ItemGroup>
    <ClCompile Include="GamePlayer\GamePlayer.cpp">
      <Filter>Source Files</Filter>
    </ClCompile>
    <ClCompile Include="LevelEditor\LevelEditorModule.cpp">
      <Filter>Source Files</Filter>
    </ClCompile>
    <ClCompile Include="MeshEditor\MeshEditor.cpp">
      <Filter>Source Files</Filter>
    </ClCompile>
    <ClCompile Include="MaterialEditor\MaterialEditor.cpp">
      <Filter>Source Files</Filter>
    </ClCompile>
    <ClCompile Include="Property.cpp">
      <Filter>Source Files</Filter>
    </ClCompile>
    <ClCompile Include="LevelEditor\LevelMgr.cpp">
      <Filter>Source Files</Filter>
    </ClCompile>
    <ClCompile Include="LevelEditor\Component.cpp">
      <Filter>Source Files</Filter>
    </ClCompile>
    <ClCompile Include="LevelEditor\SceneTree\Entity.cpp">
      <Filter>Source Files</Filter>
    </ClCompile>
    <ClCompile Include="Widgets\AssetId\AssetIdWidget.cpp">
      <Filter>Source Files</Filter>
    </ClCompile>
    <ClCompile Include="Widgets\Matrix\MatrixWidget.cpp">
      <Filter>Source Files</Filter>
    </ClCompile>
    <ClCompile Include="Widgets\Component\ComponentModel.cpp">
      <Filter>Source Files</Filter>
    </ClCompile>
    <ClCompile Include="Widgets\Component\ComponentWidget.cpp">
      <Filter>Source Files</Filter>
    </ClCompile>
    <ClCompile Include="Widgets\Entity\EntityWidget.cpp">
      <Filter>Source Files</Filter>
    </ClCompile>
    <ClCompile Include="Widgets\Entity\EntityModel.cpp">
      <Filter>Source Files</Filter>
    </ClCompile>
    <ClCompile Include="LevelEditor\SceneTree\Node.cpp">
      <Filter>Source Files</Filter>
    </ClCompile>
    <ClCompile Include="LevelEditor\SceneTree\SceneTree.cpp">
      <Filter>Source Files</Filter>
    </ClCompile>
    <ClCompile Include="LevelEditor\Widgets\CameraWidget.cpp">
      <Filter>Source Files</Filter>
    </ClCompile>
    <ClCompile Include="LevelEditor\Widgets\GizmoAxis.cpp">
      <Filter>Source Files</Filter>
    </ClCompile>
    <ClCompile Include="LevelEditor\Widgets\GizmoModel.cpp">
      <Filter>Source Files</Filter>
    </ClCompile>
    <ClCompile Include="LevelEditor\Widgets\GizmoWidget.cpp">
      <Filter>Source Files</Filter>
    </ClCompile>
    <ClCompile Include="LevelEditor\Widgets\LevelEditor.cpp">
      <Filter>Source Files</Filter>
    </ClCompile>
    <ClCompile Include="LevelEditor\Widgets\LevelEditorViewportWidget.cpp">
      <Filter>Source Files</Filter>
    </ClCompile>
    <ClCompile Include="LevelEditor\SelectionMgr.cpp">
      <Filter>Source Files</Filter>
    </ClCompile>
    <ClCompile Include="Widgets\Dialog\AssetDialog.cpp">
      <Filter>Source Files</Filter>
    </ClCompile>
    <ClCompile Include="MaterialEditor\MaterialEditorModule.cpp">
      <Filter>Source Files</Filter>
    </ClCompile>
    <ClCompile Include="Widgets\Dialog\UserInputDialog.cpp">
      <Filter>Source Files</Filter>
    </ClCompile>
    <ClCompile Include="Widgets\PropertyGrid\PropertyGridItem.cpp">
      <Filter>Source Files</Filter>
    </ClCompile>
    <ClCompile Include="Widgets\PropertyGrid\PropertyGridWidget.cpp">
      <Filter>Source Files</Filter>
    </ClCompile>
    <ClCompile Include="Widgets\PropertyGrid\PropertyGridPopulator.cpp">
      <Filter>Source Files</Filter>
    </ClCompile>
    <ClCompile Include="MaterialEditor\MaterialListModel.cpp">
      <Filter>Source Files</Filter>
    </ClCompile>
    <ClCompile Include="Widgets\Dialog\OkCancelDialog.cpp">
      <Filter>Source Files</Filter>
    </ClCompile>
    <ClCompile Include="MaterialEditor\Compiler\ShaderCompiler.cpp">
      <Filter>Source Files</Filter>
    </ClCompile>
    <ClCompile Include="MaterialEditor\Compiler\MaterialParameters.cpp">
      <Filter>Source Files</Filter>
    </ClCompile>
    <ClCompile Include="Widgets\PropertyGrid\PropertyGridItemFactory.cpp">
      <Filter>Source Files</Filter>
    </ClCompile>
    <ClCompile Include="Widgets\PropertyGrid\ItemFactory\PropertyGridItemFactory_MaterialParameterDescription.cpp">
      <Filter>Source Files</Filter>
    </ClCompile>
    <ClCompile Include="LogEditor\LogEditor.cpp">
      <Filter>Source Files</Filter>
    </ClCompile>
    <ClCompile Include="Widgets\StatusBar\StatusBar.cpp">
      <Filter>Source Files</Filter>
    </ClCompile>
    <ClCompile Include="MaterialEditor\ShaderAutoGen.cpp">
      <Filter>Source Files</Filter>
    </ClCompile>
    <ClCompile Include="MaterialEditor\ShaderTemplate.cpp">
      <Filter>Source Files</Filter>
    </ClCompile>
    <ClCompile Include="LevelEditor\LevelListModel.cpp">
      <Filter>Source Files</Filter>
    </ClCompile>
    <ClCompile Include="LevelEditor\SceneTreeModel.cpp">
      <Filter>Source Files</Filter>
    </ClCompile>
    <ClCompile Include="Widgets\Dialog\ClassSelectionDialog.cpp">
      <Filter>Source Files</Filter>
    </ClCompile>
    <ClCompile Include="ObjectWatcher\ObjectWatcher.cpp">
      <Filter>Source Files</Filter>
    </ClCompile>
    <ClCompile Include="Widgets\PropertyGrid\Items\StringItem.cpp">
      <Filter>Source Files</Filter>
    </ClCompile>
    <ClCompile Include="Widgets\PropertyGrid\Items\UInt32Item.cpp">
      <Filter>Source Files</Filter>
    </ClCompile>
    <ClCompile Include="Widgets\PropertyGrid\Items\SidItem.cpp">
      <Filter>Source Files</Filter>
    </ClCompile>
    <ClCompile Include="Widgets\PropertyGrid\Items\GuidItem.cpp">
      <Filter>Source Files</Filter>
    </ClCompile>
    <ClCompile Include="Widgets\PropertyGrid\Items\Mat44fItem.cpp">
      <Filter>Source Files</Filter>
    </ClCompile>
    <ClCompile Include="Widgets\PropertyGrid\Items\AssetIdItem.cpp">
      <Filter>Source Files</Filter>
    </ClCompile>
    <ClCompile Include="Widgets\PropertyGrid\Items\ArrayHeaderItem.cpp">
      <Filter>Source Files</Filter>
    </ClCompile>
  </ItemGroup>
</Project>