<?xml version="1.0" encoding="utf-8"?>
<Project ToolsVersion="4.0" xmlns="http://schemas.microsoft.com/developer/msbuild/2003">
  <ItemGroup>
    <ClInclude Include="Loader.h" />
    <ClInclude Include="Assets\Asset.h" />
    <ClInclude Include="Assets\AssetType.h" />
    <ClInclude Include="Assets\AssetId.h" />
    <ClInclude Include="Assets\AssetMgr.h" />
  </ItemGroup>
  <ItemGroup>
    <ClCompile Include="Loader.cpp" />
    <ClCompile Include="Assets\Asset.cpp" />
    <ClCompile Include="Assets\AssetId.cpp" />
    <ClCompile Include="Assets\AssetMgr.cpp" />
    <ClCompile Include="Assets\AssetType.cpp" />
  </ItemGroup>
</Project>