<?xml version="1.0" encoding="utf-8"?>
<Project ToolsVersion="4.0" xmlns="http://schemas.microsoft.com/developer/msbuild/2003">
  <ItemGroup>
    <ClInclude Include="Loader.h" />
    <ClInclude Include="Assets\Asset.h" />
    <ClInclude Include="Assets\AssetType.h" />
    <ClInclude Include="Assets\AssetId.h" />
    <ClInclude Include="Assets\AssetMgr.h" />
    <ClInclude Include="Objects\Object.h" />
    <ClInclude Include="Reflection\FieldDescriptor.h" />
    <ClInclude Include="Reflection\TypeDescriptor.h" />
    <ClInclude Include="Reflection\FieldAttribute.h" />
    <ClInclude Include="Reflection\ReflectionMgr.h" />
    <ClInclude Include="Reflection\ReflectionMacro.h" />
    <ClInclude Include="Reflection\ReflectionStandardTypes.h" />
    <ClInclude Include="Reflection\ReflectionCoreTypes.h" />
    <ClInclude Include="Reflection\ReflectionSystemsTypes.h" />
    <ClInclude Include="Objects\GameObject.h" />
    <ClInclude Include="Objects\GameComponent.h" />
    <ClInclude Include="GameComponent\StaticMeshComponent.h" />
    <ClInclude Include="GameComponent\TransformComponent.h" />
    <ClInclude Include="Reflection\ReflectionUtils.h" />
    <ClInclude Include="Objects\AssetObject.h" />
    <ClInclude Include="Assets\AssetObjects\MeshAsset.h" />
    <ClInclude Include="Serialization\ObjectJsonSerializer.h" />
    <ClInclude Include="Serialization\ObjectJsonDeserializer.h" />
    <ClInclude Include="Serialization\ObjectHeader.h" />
    <ClInclude Include="Container\Container.h" />
    <ClInclude Include="Container\ContainerId.h" />
    <ClInclude Include="Container\ContainerMgr.h" />
    <ClInclude Include="Serialization\ContainerJsonSerializer.h" />
    <ClInclude Include="Serialization\ContainerJsonDeserializer.h" />
    <ClInclude Include="Assets\Metadata\AssetMetadata.h" />
    <ClInclude Include="Assets\NewAssetId.h" />
    <ClInclude Include="Container\ObjectId.h" />
    <ClInclude Include="Assets\AssetType\NewAssetType.h" />
  </ItemGroup>
  <ItemGroup>
    <ClCompile Include="Loader.cpp" />
    <ClCompile Include="Assets\Asset.cpp" />
    <ClCompile Include="Assets\AssetId.cpp" />
    <ClCompile Include="Assets\AssetMgr.cpp" />
    <ClCompile Include="Assets\AssetType.cpp" />
    <ClCompile Include="Reflection\FieldDescriptor.cpp" />
    <ClCompile Include="Reflection\TypeDescriptor.cpp" />
    <ClCompile Include="Reflection\ReflectionMgr.cpp" />
    <ClCompile Include="Reflection\ReflectionStandardTypes.cpp" />
    <ClCompile Include="Reflection\ReflectionCoreTypes.cpp" />
    <ClCompile Include="Objects\Object.cpp" />
    <ClCompile Include="Reflection\ReflectionSystemsTypes.cpp" />
    <ClCompile Include="Objects\GameObject.cpp" />
    <ClCompile Include="Objects\GameComponent.cpp" />
    <ClCompile Include="GameComponent\StaticMeshComponent.cpp" />
    <ClCompile Include="GameComponent\TransformComponent.cpp" />
    <ClCompile Include="Assets\AssetObjects\MeshAsset.cpp" />
    <ClCompile Include="Objects\AssetObject.cpp" />
    <ClCompile Include="Serialization\ObjectJsonSerializer.cpp" />
    <ClCompile Include="Serialization\ObjectJsonDeserializer.cpp" />
    <ClCompile Include="Container\ContainerId.cpp" />
    <ClCompile Include="Container\Container.cpp" />
    <ClCompile Include="Container\ContainerMgr.cpp" />
    <ClCompile Include="Serialization\ContainerJsonSerializer.cpp" />
    <ClCompile Include="Serialization\ContainerJsonDeserializer.cpp" />
    <ClCompile Include="Assets\Metadata\AssetMetadata.cpp" />
    <ClCompile Include="Assets\NewAssetId.cpp" />
    <ClCompile Include="Container\ObjectId.cpp" />
    <ClCompile Include="Assets\AssetType\NewAssetType.cpp" />
  </ItemGroup>
</Project>