<?xml version="1.0" encoding="utf-8"?>
<Project ToolsVersion="4.0" xmlns="http://schemas.microsoft.com/developer/msbuild/2003">
  <ItemGroup>
    <ClInclude Include="Loader.h" />
    <ClInclude Include="Assets\Asset.h" />
    <ClInclude Include="Assets\AssetType.h" />
    <ClInclude Include="Assets\AssetId.h" />
    <ClInclude Include="Assets\AssetMgr.h" />
    <ClInclude Include="Objects\Object.h" />
    <ClInclude Include="Reflection\FieldDescriptor.h" />
    <ClInclude Include="Reflection\TypeDescriptor.h" />
    <ClInclude Include="Reflection\FieldAttribute.h" />
    <ClInclude Include="Reflection\ReflectionMgr.h" />
    <ClInclude Include="Reflection\ReflectionMacro.h" />
    <ClInclude Include="Reflection\ReflectionStandardTypes.h" />
    <ClInclude Include="Reflection\ReflectionCoreTypes.h" />
    <ClInclude Include="Reflection\ReflectionSystemsTypes.h" />
    <ClInclude Include="Objects\GameObject.h" />
    <ClInclude Include="Objects\GameComponent.h" />
    <ClInclude Include="GameComponent\StaticMeshComponent.h" />
    <ClInclude Include="GameComponent\TransformComponent.h" />
    <ClInclude Include="Reflection\ReflectionUtils.h" />
    <ClInclude Include="Objects\AssetObject.h" />
    <ClInclude Include="Assets\AssetObjects\MeshAsset.h" />
  </ItemGroup>
  <ItemGroup>
    <ClCompile Include="Loader.cpp" />
    <ClCompile Include="Assets\Asset.cpp" />
    <ClCompile Include="Assets\AssetId.cpp" />
    <ClCompile Include="Assets\AssetMgr.cpp" />
    <ClCompile Include="Assets\AssetType.cpp" />
    <ClCompile Include="Reflection\FieldDescriptor.cpp" />
    <ClCompile Include="Reflection\TypeDescriptor.cpp" />
    <ClCompile Include="Reflection\ReflectionMgr.cpp" />
    <ClCompile Include="Reflection\ReflectionStandardTypes.cpp" />
    <ClCompile Include="Reflection\ReflectionCoreTypes.cpp" />
    <ClCompile Include="Objects\Object.cpp" />
    <ClCompile Include="Reflection\ReflectionSystemsTypes.cpp" />
    <ClCompile Include="Objects\GameObject.cpp" />
    <ClCompile Include="Objects\GameComponent.cpp" />
    <ClCompile Include="GameComponent\StaticMeshComponent.cpp" />
    <ClCompile Include="GameComponent\TransformComponent.cpp" />
    <ClCompile Include="Assets\AssetObjects\MeshAsset.cpp" />
  </ItemGroup>
</Project>