<?xml version="1.0" encoding="utf-8"?>
<Project ToolsVersion="4.0" xmlns="http://schemas.microsoft.com/developer/msbuild/2003">
  <ItemGroup>
    <Filter Include="Source Files">
      <UniqueIdentifier>{4FC737F1-C7A5-4376-A066-2A32D752A2FF}</UniqueIdentifier>
      <Extensions>cpp;c;cc;cxx;c++;cppm;ixx;def;odl;idl;hpj;bat;asm;asmx</Extensions>
    </Filter>
    <Filter Include="Header Files">
      <UniqueIdentifier>{93995380-89BD-4b04-88EB-625FBE52EBFB}</UniqueIdentifier>
      <Extensions>h;hh;hpp;hxx;h++;hm;inl;inc;ipp;xsd</Extensions>
    </Filter>
    <Filter Include="Resource Files">
      <UniqueIdentifier>{67DA6AB6-F800-4c08-8B7A-83BB121AAD01}</UniqueIdentifier>
      <Extensions>rc;ico;cur;bmp;dlg;rc2;rct;bin;rgs;gif;jpg;jpeg;jpe;resx;tiff;tif;png;wav;mfcribbon-ms</Extensions>
    </Filter>
  </ItemGroup>
  <ItemGroup>
    <ClCompile Include="Helper.cpp">
      <Filter>Source Files</Filter>
    </ClCompile>
    <ClCompile Include="CommandLine.cpp">
      <Filter>Source Files</Filter>
    </ClCompile>
    <ClCompile Include="Math\Vec4f.cpp">
      <Filter>Source Files</Filter>
    </ClCompile>
    <ClCompile Include="Math\Mat44f.cpp">
      <Filter>Source Files</Filter>
    </ClCompile>
    <ClCompile Include="Callbacks\CallbackId.cpp">
      <Filter>Source Files</Filter>
    </ClCompile>
    <ClCompile Include="Math\Ray.cpp">
      <Filter>Source Files</Filter>
    </ClCompile>
    <ClCompile Include="Math\Aabb.cpp">
      <Filter>Source Files</Filter>
    </ClCompile>
    <ClCompile Include="Math\Intersection.cpp">
      <Filter>Source Files</Filter>
    </ClCompile>
    <ClCompile Include="Math\Sqt.cpp">
      <Filter>Source Files</Filter>
    </ClCompile>
    <ClCompile Include="Json\JsonMember.cpp">
      <Filter>Source Files</Filter>
    </ClCompile>
    <ClCompile Include="Json\JsonValue.cpp">
      <Filter>Source Files</Filter>
    </ClCompile>
    <ClCompile Include="Json\JsonArray.cpp">
      <Filter>Source Files</Filter>
    </ClCompile>
    <ClCompile Include="Json\JsonObject.cpp">
      <Filter>Source Files</Filter>
    </ClCompile>
    <ClCompile Include="Json\JsonSerializer.cpp">
      <Filter>Source Files</Filter>
    </ClCompile>
    <ClCompile Include="Json\JsonDeserializer.cpp">
      <Filter>Source Files</Filter>
    </ClCompile>
    <ClCompile Include="Sid\Sid.cpp">
      <Filter>Source Files</Filter>
    </ClCompile>
    <ClCompile Include="String\BytesToHexa.cpp">
      <Filter>Source Files</Filter>
    </ClCompile>
    <ClCompile Include="Memory\Allocator.cpp">
      <Filter>Source Files</Filter>
    </ClCompile>
    <ClCompile Include="Memory\LinearAllocator.cpp">
      <Filter>Source Files</Filter>
    </ClCompile>
    <ClCompile Include="Memory\AllocatorStack.cpp">
      <Filter>Source Files</Filter>
    </ClCompile>
    <ClCompile Include="Memory\MemoryPool.cpp">
      <Filter>Source Files</Filter>
    </ClCompile>
    <ClCompile Include="Memory\MemoryPoolMgr.cpp">
      <Filter>Source Files</Filter>
    </ClCompile>
    <ClCompile Include="Memory\AllocatorJanitor.cpp">
      <Filter>Source Files</Filter>
    </ClCompile>
  </ItemGroup>
  <ItemGroup>
    <ClInclude Include="Helper.h">
      <Filter>Header Files</Filter>
    </ClInclude>
    <ClInclude Include="CommandLine.h">
      <Filter>Header Files</Filter>
    </ClInclude>
    <ClInclude Include="Singleton.h">
      <Filter>Header Files</Filter>
    </ClInclude>
    <ClInclude Include="Tree\Tree.h">
      <Filter>Header Files</Filter>
    </ClInclude>
    <ClInclude Include="Math\Vec4f.h">
      <Filter>Header Files</Filter>
    </ClInclude>
    <ClInclude Include="Math\Mat44f.h">
      <Filter>Header Files</Filter>
    </ClInclude>
    <ClInclude Include="Callbacks\CallbackList.h">
      <Filter>Header Files</Filter>
    </ClInclude>
    <ClInclude Include="Callbacks\CallbackId.h">
      <Filter>Header Files</Filter>
    </ClInclude>
    <ClInclude Include="Math\Ray.h">
      <Filter>Header Files</Filter>
    </ClInclude>
    <ClInclude Include="Math\Aabb.h">
      <Filter>Header Files</Filter>
    </ClInclude>
    <ClInclude Include="Math\Intersection.h">
      <Filter>Header Files</Filter>
    </ClInclude>
    <ClInclude Include="Math\Sqt.h">
      <Filter>Header Files</Filter>
    </ClInclude>
    <ClInclude Include="Callbacks\CallbackMacro.h">
      <Filter>Header Files</Filter>
    </ClInclude>
    <ClInclude Include="Json\JsonType.h">
      <Filter>Header Files</Filter>
    </ClInclude>
    <ClInclude Include="Json\JsonMember.h">
      <Filter>Header Files</Filter>
    </ClInclude>
    <ClInclude Include="Json\JsonValue.h">
      <Filter>Header Files</Filter>
    </ClInclude>
    <ClInclude Include="Json\JsonArray.h">
      <Filter>Header Files</Filter>
    </ClInclude>
    <ClInclude Include="Json\JsonObject.h">
      <Filter>Header Files</Filter>
    </ClInclude>
    <ClInclude Include="Json\JsonSerializer.h">
      <Filter>Header Files</Filter>
    </ClInclude>
    <ClInclude Include="Json\JsonDeserializer.h">
      <Filter>Header Files</Filter>
    </ClInclude>
    <ClInclude Include="Sid\Sid.h">
      <Filter>Header Files</Filter>
    </ClInclude>
    <ClInclude Include="Collections\BaseArray.h">
      <Filter>Header Files</Filter>
    </ClInclude>
    <ClInclude Include="Collections\Array.h">
      <Filter>Header Files</Filter>
    </ClInclude>
    <ClInclude Include="String\BytesToHexa.h">
      <Filter>Header Files</Filter>
    </ClInclude>
    <ClInclude Include="Memory\Allocator.h">
      <Filter>Header Files</Filter>
    </ClInclude>
    <ClInclude Include="Memory\LinearAllocator.h">
      <Filter>Header Files</Filter>
    </ClInclude>
    <ClInclude Include="Memory\AllocatorStack.h">
      <Filter>Header Files</Filter>
    </ClInclude>
    <ClInclude Include="Memory\MemoryPoolMgr.h">
      <Filter>Header Files</Filter>
    </ClInclude>
    <ClInclude Include="Memory\MemoryPool.h">
      <Filter>Header Files</Filter>
    </ClInclude>
    <ClInclude Include="Memory\AllocatorJanitor.h">
      <Filter>Header Files</Filter>
    </ClInclude>
    <ClInclude Include="Memory\MemoryMacro.h">
      <Filter>Header Files</Filter>
    </ClInclude>
  </ItemGroup>
</Project>