<?xml version="1.0" encoding="utf-8"?>
<Project ToolsVersion="4.0" xmlns="http://schemas.microsoft.com/developer/msbuild/2003">
  <ItemGroup>
    <Filter Include="Source Files">
      <UniqueIdentifier>{4FC737F1-C7A5-4376-A066-2A32D752A2FF}</UniqueIdentifier>
      <Extensions>cpp;c;cc;cxx;c++;cppm;ixx;def;odl;idl;hpj;bat;asm;asmx</Extensions>
    </Filter>
    <Filter Include="gfx">
      <UniqueIdentifier>{c3956248-221a-429c-9c22-e22edf27dbf7}</UniqueIdentifier>
    </Filter>
    <Filter Include="gfx\Meshes">
      <UniqueIdentifier>{816fd149-78b7-492e-b6af-3e6aae1a8ca2}</UniqueIdentifier>
    </Filter>
    <Filter Include="Widgets">
      <UniqueIdentifier>{f721eff7-6eea-4146-adce-e06c6b11ddd2}</UniqueIdentifier>
    </Filter>
  </ItemGroup>
  <ItemGroup>
    <ClCompile Include="main.cpp">
      <Filter>Source Files</Filter>
    </ClCompile>
    <ClCompile Include="Components\GameComponent.cpp">
      <Filter>Source Files</Filter>
    </ClCompile>
    <ClCompile Include="Entities\GameEntity.cpp">
      <Filter>Source Files</Filter>
    </ClCompile>
    <ClCompile Include="Components\TransformComponent.cpp">
      <Filter>Source Files</Filter>
    </ClCompile>
    <ClCompile Include="Entities\LocatorEntity.cpp">
      <Filter>Source Files</Filter>
    </ClCompile>
    <ClCompile Include="Components\MeshComponent.cpp">
      <Filter>Source Files</Filter>
    </ClCompile>
    <ClCompile Include="Entities\CameraEntity.cpp">
      <Filter>Source Files</Filter>
    </ClCompile>
    <ClCompile Include="GameMgr.cpp">
      <Filter>Source Files</Filter>
    </ClCompile>
    <ClCompile Include="Entities\PlayerEntity.cpp">
      <Filter>Source Files</Filter>
    </ClCompile>
    <ClCompile Include="Configuration.cpp">
      <Filter>Source Files</Filter>
    </ClCompile>
  </ItemGroup>
  <ItemGroup>
    <FxCompile Include="Shaders\base.vs.hlsl">
      <Filter>gfx</Filter>
    </FxCompile>
    <FxCompile Include="Shaders\base.ps.hlsl">
      <Filter>gfx</Filter>
    </FxCompile>
    <FxCompile Include="Shaders\base.rs.hlsl" />
    <FxCompile Include="Shaders\widget.rs.hlsl" />
    <FxCompile Include="Shaders\widget.vs.hlsl" />
    <FxCompile Include="Shaders\widget.ps.hlsl" />
    <FxCompile Include="Shaders\texture.vs.hlsl" />
    <FxCompile Include="Shaders\texture.ps.hlsl" />
    <FxCompile Include="Shaders\texture.rs.hlsl" />
    <FxCompile Include="Shaders\text.vs.hlsl" />
    <FxCompile Include="Shaders\text.ps.hlsl" />
    <FxCompile Include="Shaders\text.rs.hlsl" />
    <FxCompile Include="Shaders\widget_viewport.ps.hlsl" />
    <FxCompile Include="Shaders\widget_viewport.vs.hlsl" />
    <FxCompile Include="Shaders\widget_viewport.rs.hlsl" />
  </ItemGroup>
  <ItemGroup>
    <ClInclude Include="GameMgr.h" />
    <ClInclude Include="Entities\GameEntity.h" />
    <ClInclude Include="Components\GameComponent.h" />
    <ClInclude Include="Components\TransformComponent.h" />
    <ClInclude Include="Entities\LocatorEntity.h" />
    <ClInclude Include="Components\MeshComponent.h" />
    <ClInclude Include="Entities\CameraEntity.h" />
    <ClInclude Include="Entities\PlayerEntity.h" />
    <ClInclude Include="Configuration.h" />
  </ItemGroup>
  <ItemGroup>
    <CopyFileToFolders Include="config.ini" />
  </ItemGroup>
  <ItemGroup>
    <Text Include="library_stack.txt" />
  </ItemGroup>
</Project>